
Microsoft Visual Studio Solution File, Format Version 12.00
# Visual Studio 14
VisualStudioVersion = 14.0.25420.1
MinimumVisualStudioVersion = 10.0.40219.1
Project("{FAE04EC0-301F-11D3-BF4B-00C04F79EFBC}") = "Innotm.data", "Innotm.data\Innotm.data.csproj", "{74225E4F-0D33-465F-8495-2FC4DE90A259}"
EndProject
Project("{FAE04EC0-301F-11D3-BF4B-00C04F79EFBC}") = "InnoTm.API", "InnoTm.API\InnoTm.API.csproj", "{1F383AE8-E355-4386-91A5-08374B6F0904}"
EndProject
Project("{2150E333-8FDC-42A3-9474-1A3956D46DE8}") = "Web", "Web", "{D5F4598C-440E-4DFE-B9E7-DD81D92E8B21}"
EndProject
Project("{FAE04EC0-301F-11D3-BF4B-00C04F79EFBC}") = "InnoTm.Web", "InnoTm.Web\InnoTm.Web.csproj", "{845583D5-FACE-48F5-A9C0-7CABC4FEE705}"
EndProject
Global
	GlobalSection(SolutionConfigurationPlatforms) = preSolution
		Debug|Any CPU = Debug|Any CPU
		Release|Any CPU = Release|Any CPU
	EndGlobalSection
	GlobalSection(ProjectConfigurationPlatforms) = postSolution
		{74225E4F-0D33-465F-8495-2FC4DE90A259}.Debug|Any CPU.ActiveCfg = Debug|Any CPU
		{74225E4F-0D33-465F-8495-2FC4DE90A259}.Debug|Any CPU.Build.0 = Debug|Any CPU
		{74225E4F-0D33-465F-8495-2FC4DE90A259}.Release|Any CPU.ActiveCfg = Release|Any CPU
		{74225E4F-0D33-465F-8495-2FC4DE90A259}.Release|Any CPU.Build.0 = Release|Any CPU
		{1F383AE8-E355-4386-91A5-08374B6F0904}.Debug|Any CPU.ActiveCfg = Debug|Any CPU
		{1F383AE8-E355-4386-91A5-08374B6F0904}.Debug|Any CPU.Build.0 = Debug|Any CPU
		{1F383AE8-E355-4386-91A5-08374B6F0904}.Release|Any CPU.ActiveCfg = Release|Any CPU
		{1F383AE8-E355-4386-91A5-08374B6F0904}.Release|Any CPU.Build.0 = Release|Any CPU
		{845583D5-FACE-48F5-A9C0-7CABC4FEE705}.Debug|Any CPU.ActiveCfg = Debug|Any CPU
		{845583D5-FACE-48F5-A9C0-7CABC4FEE705}.Debug|Any CPU.Build.0 = Debug|Any CPU
		{845583D5-FACE-48F5-A9C0-7CABC4FEE705}.Release|Any CPU.ActiveCfg = Release|Any CPU
		{845583D5-FACE-48F5-A9C0-7CABC4FEE705}.Release|Any CPU.Build.0 = Release|Any CPU
	EndGlobalSection
	GlobalSection(SolutionProperties) = preSolution
		HideSolutionNode = FALSE
	EndGlobalSection
	GlobalSection(NestedProjects) = preSolution
		{845583D5-FACE-48F5-A9C0-7CABC4FEE705} = {D5F4598C-440E-4DFE-B9E7-DD81D92E8B21}
	EndGlobalSection
EndGlobal
